# This file is automatically @generated by Cargo.
# It is not intended for manual editing.
version = 4

[[package]]
name = "hyperion_core"
version = "0.1.0"

[[package]]
name = "hyperion_plugin_api"
version = "0.1.0"

[[package]]
name = "hyperion_protocol"
version = "0.1.0"

[[package]]
name = "hyperion_server"
version = "0.1.0"
dependencies = [
 "hyperion_core",
]

[[package]]
name = "hyperion_simulation"
version = "0.1.0"

[[package]]
name = "hyperion_world"
version = "0.1.0"
